
Microsoft Visual Studio Solution File, Format Version 12.00
# Visual Studio 2013
VisualStudioVersion = 12.0.31101.0
MinimumVisualStudioVersion = 10.0.40219.1
Project("{FAE04EC0-301F-11D3-BF4B-00C04F79EFBC}") = "AeroSuite", "AeroSuite\AeroSuite.csproj", "{3916065C-238F-4790-A95C-F28A4A34F582}"
EndProject
Project("{FAE04EC0-301F-11D3-BF4B-00C04F79EFBC}") = "AeroSuite.Test", "AeroSuite.Test\AeroSuite.Test.csproj", "{EDA0FC84-6D5C-4DFB-9137-7B3D24AFBD66}"
EndProject
Project("{FAE04EC0-301F-11D3-BF4B-00C04F79EFBC}") = "AeroSuite.AnimationEngine.CustomAnimationTest", "AeroSuite.AnimationEngine.CustomAnimationTest\AeroSuite.AnimationEngine.CustomAnimationTest.csproj", "{5B99F346-7675-4133-9915-FB91B3CB8E6B}"
EndProject
Global
	GlobalSection(SolutionConfigurationPlatforms) = preSolution
		Debug|Any CPU = Debug|Any CPU
		Release|Any CPU = Release|Any CPU
	EndGlobalSection
	GlobalSection(ProjectConfigurationPlatforms) = postSolution
		{3916065C-238F-4790-A95C-F28A4A34F582}.Debug|Any CPU.ActiveCfg = Debug|Any CPU
		{3916065C-238F-4790-A95C-F28A4A34F582}.Debug|Any CPU.Build.0 = Debug|Any CPU
		{3916065C-238F-4790-A95C-F28A4A34F582}.Release|Any CPU.ActiveCfg = Release|Any CPU
		{3916065C-238F-4790-A95C-F28A4A34F582}.Release|Any CPU.Build.0 = Release|Any CPU
		{EDA0FC84-6D5C-4DFB-9137-7B3D24AFBD66}.Debug|Any CPU.ActiveCfg = Debug|Any CPU
		{EDA0FC84-6D5C-4DFB-9137-7B3D24AFBD66}.Debug|Any CPU.Build.0 = Debug|Any CPU
		{EDA0FC84-6D5C-4DFB-9137-7B3D24AFBD66}.Release|Any CPU.ActiveCfg = Release|Any CPU
		{EDA0FC84-6D5C-4DFB-9137-7B3D24AFBD66}.Release|Any CPU.Build.0 = Release|Any CPU
		{5B99F346-7675-4133-9915-FB91B3CB8E6B}.Debug|Any CPU.ActiveCfg = Debug|Any CPU
		{5B99F346-7675-4133-9915-FB91B3CB8E6B}.Debug|Any CPU.Build.0 = Debug|Any CPU
		{5B99F346-7675-4133-9915-FB91B3CB8E6B}.Release|Any CPU.ActiveCfg = Release|Any CPU
		{5B99F346-7675-4133-9915-FB91B3CB8E6B}.Release|Any CPU.Build.0 = Release|Any CPU
	EndGlobalSection
	GlobalSection(SolutionProperties) = preSolution
		HideSolutionNode = FALSE
	EndGlobalSection
EndGlobal
